{
  "name": "zenn-content",
  "version": "1.0.0",
  "lockfileVersion": 2,
  "requires": true,
  "packages": {
    "": {
      "name": "zenn-content",
      "version": "1.0.0",
      "license": "ISC",
      "dependencies": {
        "zenn-cli": "^0.1.146"
      }
    },
    "node_modules/zenn-cli": {
      "version": "0.1.146",
      "resolved": "https://registry.npmjs.org/zenn-cli/-/zenn-cli-0.1.146.tgz",
      "integrity": "sha512-IjxTGvaatNpaTl/3spegOqSIOZOZG+QAllbQjlsgS3yxKRWZZ4dl2XRpTpaI5Qg9E4NCuX5EZ9+SM+9cxdzSgQ==",
      "bin": {
        "zenn": "dist/server/zenn.js"
      },
      "engines": {
        "node": ">=14.0.0"
      }
    }
  },
  "dependencies": {
    "zenn-cli": {
      "version": "0.1.146",
      "resolved": "https://registry.npmjs.org/zenn-cli/-/zenn-cli-0.1.146.tgz",
      "integrity": "sha512-IjxTGvaatNpaTl/3spegOqSIOZOZG+QAllbQjlsgS3yxKRWZZ4dl2XRpTpaI5Qg9E4NCuX5EZ9+SM+9cxdzSgQ=="
    }
  }
}
