{
  "name": "zenn-content",
  "version": "1.0.0",
  "lockfileVersion": 2,
  "requires": true,
  "packages": {
    "": {
      "name": "zenn-content",
      "version": "1.0.0",
      "license": "ISC",
      "dependencies": {
        "zenn-cli": "^0.1.147"
      }
    },
    "node_modules/zenn-cli": {
      "version": "0.1.147",
      "resolved": "https://registry.npmjs.org/zenn-cli/-/zenn-cli-0.1.147.tgz",
      "integrity": "sha512-4HKDyk357aIFZnii+Zkkq82Q0Q4uRD4+7zS/u8edwxPea/eeS6W4NBorPyloUzaFI/Rxe0DLr4/aRFc0hHG0ug==",
      "bin": {
        "zenn": "dist/server/zenn.js"
      },
      "engines": {
        "node": ">=14.0.0"
      }
    }
  },
  "dependencies": {
    "zenn-cli": {
      "version": "0.1.147",
      "resolved": "https://registry.npmjs.org/zenn-cli/-/zenn-cli-0.1.147.tgz",
      "integrity": "sha512-4HKDyk357aIFZnii+Zkkq82Q0Q4uRD4+7zS/u8edwxPea/eeS6W4NBorPyloUzaFI/Rxe0DLr4/aRFc0hHG0ug=="
    }
  }
}
